
Microsoft Visual Studio Solution File, Format Version 12.00
# Visual Studio Version 17
VisualStudioVersion = 17.9.34728.123
MinimumVisualStudioVersion = 10.0.40219.1
Project("{FAE04EC0-301F-11D3-BF4B-00C04F79EFBC}") = "TESTAPP", "TESTAPP.csproj", "{9CDDA3E2-A4C4-4C01-AD48-FD5C4C9EEDC9}"
EndProject
Global
	GlobalSection(SolutionConfigurationPlatforms) = preSolution
		Debug|Any CPU = Debug|Any CPU
		Release|Any CPU = Release|Any CPU
	EndGlobalSection
	GlobalSection(ProjectConfigurationPlatforms) = postSolution
		{9CDDA3E2-A4C4-4C01-AD48-FD5C4C9EEDC9}.Debug|Any CPU.ActiveCfg = Debug|Any CPU
		{9CDDA3E2-A4C4-4C01-AD48-FD5C4C9EEDC9}.Debug|Any CPU.Build.0 = Debug|Any CPU
		{9CDDA3E2-A4C4-4C01-AD48-FD5C4C9EEDC9}.Release|Any CPU.ActiveCfg = Release|Any CPU
		{9CDDA3E2-A4C4-4C01-AD48-FD5C4C9EEDC9}.Release|Any CPU.Build.0 = Release|Any CPU
	EndGlobalSection
	GlobalSection(SolutionProperties) = preSolution
		HideSolutionNode = FALSE
	EndGlobalSection
	GlobalSection(ExtensibilityGlobals) = postSolution
		SolutionGuid = {71FCF547-2C57-4A56-BE9F-99E910C98A69}
	EndGlobalSection
EndGlobal
